
Microsoft Visual Studio Solution File, Format Version 12.00
# Visual Studio Version 16
VisualStudioVersion = 16.0.31515.178
MinimumVisualStudioVersion = 10.0.40219.1
Project("{FAE04EC0-301F-11D3-BF4B-00C04F79EFBC}") = "01-ByteBank", "01-ByteBank\01-ByteBank.csproj", "{315C884C-E9C8-41F4-BCB3-EEB45EEB0773}"
EndProject
Project("{FAE04EC0-301F-11D3-BF4B-00C04F79EFBC}") = "02-ByteBank", "02-ByteBank\02-ByteBank.csproj", "{F28666C0-5FBD-45A1-B365-A7FC80DEE337}"
EndProject
Project("{FAE04EC0-301F-11D3-BF4B-00C04F79EFBC}") = "03-ByteBank", "03-ByteBank\03-ByteBank.csproj", "{91DA7C64-D231-4AA7-A959-AE0B2D0ED808}"
EndProject
Global
	GlobalSection(SolutionConfigurationPlatforms) = preSolution
		Debug|Any CPU = Debug|Any CPU
		Release|Any CPU = Release|Any CPU
	EndGlobalSection
	GlobalSection(ProjectConfigurationPlatforms) = postSolution
		{315C884C-E9C8-41F4-BCB3-EEB45EEB0773}.Debug|Any CPU.ActiveCfg = Debug|Any CPU
		{315C884C-E9C8-41F4-BCB3-EEB45EEB0773}.Debug|Any CPU.Build.0 = Debug|Any CPU
		{315C884C-E9C8-41F4-BCB3-EEB45EEB0773}.Release|Any CPU.ActiveCfg = Release|Any CPU
		{315C884C-E9C8-41F4-BCB3-EEB45EEB0773}.Release|Any CPU.Build.0 = Release|Any CPU
		{F28666C0-5FBD-45A1-B365-A7FC80DEE337}.Debug|Any CPU.ActiveCfg = Debug|Any CPU
		{F28666C0-5FBD-45A1-B365-A7FC80DEE337}.Debug|Any CPU.Build.0 = Debug|Any CPU
		{F28666C0-5FBD-45A1-B365-A7FC80DEE337}.Release|Any CPU.ActiveCfg = Release|Any CPU
		{F28666C0-5FBD-45A1-B365-A7FC80DEE337}.Release|Any CPU.Build.0 = Release|Any CPU
		{91DA7C64-D231-4AA7-A959-AE0B2D0ED808}.Debug|Any CPU.ActiveCfg = Debug|Any CPU
		{91DA7C64-D231-4AA7-A959-AE0B2D0ED808}.Debug|Any CPU.Build.0 = Debug|Any CPU
		{91DA7C64-D231-4AA7-A959-AE0B2D0ED808}.Release|Any CPU.ActiveCfg = Release|Any CPU
		{91DA7C64-D231-4AA7-A959-AE0B2D0ED808}.Release|Any CPU.Build.0 = Release|Any CPU
	EndGlobalSection
	GlobalSection(SolutionProperties) = preSolution
		HideSolutionNode = FALSE
	EndGlobalSection
	GlobalSection(ExtensibilityGlobals) = postSolution
		SolutionGuid = {C29A7681-DA5D-4B9A-BA87-85E5B43F6DA5}
	EndGlobalSection
EndGlobal
